
Microsoft Visual Studio Solution File, Format Version 12.00
# Visual Studio Version 17
VisualStudioVersion = 17.8.34511.84
MinimumVisualStudioVersion = 10.0.40219.1
Project("{9A19103F-16F7-4668-BE54-9A1E7A4F7556}") = "UI", "UI\UI.csproj", "{686C30A8-F0DB-497B-93B4-C79AAB62E03C}"
EndProject
Project("{9A19103F-16F7-4668-BE54-9A1E7A4F7556}") = "Persistance", "Persistance\Persistance.csproj", "{691929D4-11A5-4686-A8FE-84F643E1F641}"
EndProject
Project("{9A19103F-16F7-4668-BE54-9A1E7A4F7556}") = "Domain", "Domain\Domain.csproj", "{A486CF34-8ECD-46B8-9C0A-D11308A87054}"
EndProject
Project("{9A19103F-16F7-4668-BE54-9A1E7A4F7556}") = "Application", "Application\Application.csproj", "{B3B13316-691C-48ED-947F-E4851352A09E}"
EndProject
Project("{9A19103F-16F7-4668-BE54-9A1E7A4F7556}") = "Core", "Core\Core.csproj", "{13CCD700-D290-43BD-BBBF-BDCF9E6F3D59}"
EndProject
Global
	GlobalSection(SolutionConfigurationPlatforms) = preSolution
		Debug|Any CPU = Debug|Any CPU
		Release|Any CPU = Release|Any CPU
	EndGlobalSection
	GlobalSection(ProjectConfigurationPlatforms) = postSolution
		{686C30A8-F0DB-497B-93B4-C79AAB62E03C}.Debug|Any CPU.ActiveCfg = Debug|Any CPU
		{686C30A8-F0DB-497B-93B4-C79AAB62E03C}.Debug|Any CPU.Build.0 = Debug|Any CPU
		{686C30A8-F0DB-497B-93B4-C79AAB62E03C}.Release|Any CPU.ActiveCfg = Release|Any CPU
		{686C30A8-F0DB-497B-93B4-C79AAB62E03C}.Release|Any CPU.Build.0 = Release|Any CPU
		{691929D4-11A5-4686-A8FE-84F643E1F641}.Debug|Any CPU.ActiveCfg = Debug|Any CPU
		{691929D4-11A5-4686-A8FE-84F643E1F641}.Debug|Any CPU.Build.0 = Debug|Any CPU
		{691929D4-11A5-4686-A8FE-84F643E1F641}.Release|Any CPU.ActiveCfg = Release|Any CPU
		{691929D4-11A5-4686-A8FE-84F643E1F641}.Release|Any CPU.Build.0 = Release|Any CPU
		{A486CF34-8ECD-46B8-9C0A-D11308A87054}.Debug|Any CPU.ActiveCfg = Debug|Any CPU
		{A486CF34-8ECD-46B8-9C0A-D11308A87054}.Debug|Any CPU.Build.0 = Debug|Any CPU
		{A486CF34-8ECD-46B8-9C0A-D11308A87054}.Release|Any CPU.ActiveCfg = Release|Any CPU
		{A486CF34-8ECD-46B8-9C0A-D11308A87054}.Release|Any CPU.Build.0 = Release|Any CPU
		{B3B13316-691C-48ED-947F-E4851352A09E}.Debug|Any CPU.ActiveCfg = Debug|Any CPU
		{B3B13316-691C-48ED-947F-E4851352A09E}.Debug|Any CPU.Build.0 = Debug|Any CPU
		{B3B13316-691C-48ED-947F-E4851352A09E}.Release|Any CPU.ActiveCfg = Release|Any CPU
		{B3B13316-691C-48ED-947F-E4851352A09E}.Release|Any CPU.Build.0 = Release|Any CPU
		{13CCD700-D290-43BD-BBBF-BDCF9E6F3D59}.Debug|Any CPU.ActiveCfg = Debug|Any CPU
		{13CCD700-D290-43BD-BBBF-BDCF9E6F3D59}.Debug|Any CPU.Build.0 = Debug|Any CPU
		{13CCD700-D290-43BD-BBBF-BDCF9E6F3D59}.Release|Any CPU.ActiveCfg = Release|Any CPU
		{13CCD700-D290-43BD-BBBF-BDCF9E6F3D59}.Release|Any CPU.Build.0 = Release|Any CPU
	EndGlobalSection
	GlobalSection(SolutionProperties) = preSolution
		HideSolutionNode = FALSE
	EndGlobalSection
	GlobalSection(ExtensibilityGlobals) = postSolution
		SolutionGuid = {40E9D24D-9C7A-4663-87AC-AFEA45950F95}
	EndGlobalSection
EndGlobal
